{
  "version": 4,
  "terraform_version": "1.3.6",
  "serial": 13,
  "lineage": "efd506f9-a9c2-f767-40c9-588181aaf499",
  "outputs": {
    "public_ip_address": {
      "value": "172.174.42.249",
      "type": "string"
    },
    "resource_group_name": {
      "value": "rg-expert-starling",
      "type": "string"
    },
    "tls_private_key": {
      "value": "-----BEGIN RSA PRIVATE KEY-----\nMIIJKQIBAAKCAgEA5oKzyKirZqs/3q2p0MaNYtVEqRtyvwgb1EGAhAI7p8ToXA4s\nZ3Ny6HyPO+PDMNdvVzFZBS6xsSpfiLmKvAn1RJiQxcKboPR96PXzEdPOmZjjFKbB\n1kTI4ZyO9HG+PL1oNHesYiSUm0jPoKQuMYkzdCmzcG4RGKjuWX+L5N6fzL913sW2\nHNbiLnSEetUF9zXSU35VwdEYK2FMJsbL/rSgXZk8Du9zcpOPUjxztO+dTr+q1U1I\nlVZN3QTcLAj1j33k4AA4xAxRj0DohKx+q/EXyN5vhQNHQGN+gAKh8YxFpXvYr5p/\n5eb2ScBRcUSSbYkd0v24JrnbtLpii17LU1yyiY8qL25k2Bz1pgAEAtchN09C6JY4\nwupzUmK/P/dO52U91lThT/OzAYTq90xkh2Qw8fB05URwfrY4T5ls/XBsdH12Cs+L\nl9HeFywSFu9ZQxsDzFrEB6nqMTQPqJdRCgTU+StxrEjTUUXPscnCJEERopQG0IMz\nu7XYMUwo+BkRuUMxwhTPaQv7P6a6rdxmztZ1y3miVFkr1kD8hhut8c2MdnSHu6jD\nJT9UwZJ/VF17I3r624+i5DeOaLXLOIjs7Ke/VaS+hXntdmxLahlzodsd+gszRZI2\ngo1Q3Wbp/c9rGGiMFJsI+ofPcLhGsB5IGhiTmmnoNmWsJK9ozeLlGSL5LEcCAwEA\nAQKCAgEAwMGdO3eoVONxNnF8ZqQSSQpULyFP0+Ug+F6J7Fm9ru5e69PCWAPXnAfE\n8uzkJWyRo5UVftrsJl1ro/abx+B/5Au8TFMPNwocW/mHeGnpAtIxWeyUfOvqG5eC\nh3CyBzLP98f3M96pEi1RymBgbHXxu/q/HY4856UkI10gC5QKhvm3xEEKp5UdcIFo\n4xpNscqlBcLITZnfHy9usaJdpbE/xOVFrquXm8E/ASKiEzSoE9j9Lv9AafjQhbjx\nsDURuxsokBQ/Y9l1Plil14QzLO8f144CLXVvWK2ac8s/xrBo8RfePAHzX7nCTCvx\nLsmLtOMLOIuIOYID8l5F14u+dQg4Fm8Vt5DO/7DLjX9t/iVPLjg4/77ZwMsC3w1Q\nmPxPkdqILy1YlXQXQuRp+KD9Tx+aFx/oe2NAe2NmOhhdysM59LGzZ62ZtN/LRpJc\n6MASwq27cxZtkW3eszncLdi3nce3YYS16j/twx2v0Ghjspj6etpJRsnC8Ct83VeF\nYHTZ+9KP4zh1g28RfyQgTrVdF0Oqx35lfTU4HqQSa1tMrdO8sG5RLz1pjSEuby2v\n7g58IqpM9FuvP9wC+Ykvh/GDDOBQWzEawJLFebUTvGrCqQE2Altc3SNaTjfI0EGI\n9YcxClzOL8ogtFMWXKXvNbRz28dVspypVvY8huuE4tNsCKBg3hkCggEBAP57J3xk\nDu/2G1+H7CwrimSq6bo/TzPi6ZdQqqnP5jWMEGvEMvo2u7dvWtli75+Pe/1sEf8s\nGMzLQhq/OkfmEabVVnUUyl7O2A7yZxU3brYl8qigTGw7kMjRJX2HpT97N1MrE/qx\n/MNtI3wIBzWPzemqHjAC3VRnjG0fbg2umjH87KtCXVIzZcc087dYFepzCrxM75W7\nBjo19mQX/bQXFoQfTF3ywHTY2Jb/LyFuXM+F+5gZ4Wx5qCVS6m9X/XZ9nW2Y/67k\nDZzQ+GZyN9NM+amnl7KTml3HR2DXIW3BcQa5ha9Y2HFErQ3iQ/uBOrcd4BPi9WZT\nxKaUJuKv8dRNsMsCggEBAOfi69TEgCyMcv/pdYo/9widcUFAA2hLMwz9hKn/spKq\nIwx4w7s3+Vg/moxX8N0gOfmOsrG/tR0nIEVGIlXiZYfYoJRv/7qOs1w1Blh0gfxX\nbQYaS80In33L7oWbYRVt9/5sjwAwnBI5KJhO4TK0FvwUsEFioJ/Vh8gJhnvg+ylG\nLww+Uj7JSL9mjBBrteVkL4XUXFtD1pRR2Pf/ccJwhUDTZlNFIFulYBXdYEEUeT73\nyMosnEpMpWoEA1YABrcbPWtd9maxXOow9m+ZQB7U7DahK13OM87++s4OAdIyH2NQ\nkpJ23ajUSDiWLFZNliJZRBq0cn3Zt6dG0RZrkt2/rvUCggEAbgdxmyboDniqfTOX\nucFZpQ0A4bZd2GFT/kiygZmSP7S/pNi/8c+Yekd7UGKmmKbBRWFkpp+6WVHI0ye7\nWzruhuPW7eh/V163rD7Cszm0dK0TrjUg1esrPqivPQdZO4la8mq9yLcMQrL9lLMj\n6tSyg0U6qCeU6tmardPZEbFcmiBxc9rN3qy6ZNdQSQWc9DGpgqEBNgwXNTP/xGdb\nGnKhGZ8utbAv5lWb0C2lgx7kohWcIreN8Ajp2rlvA5VX0dOeLbTpWATindr8i872\ntDWj/OapgFyxcbqn8gcSPRJWfEHau2X+r3qyGD6shiHp8SLJr8+Bqyys6hlEdt78\nAH9W4QKCAQEAuWwN8jwS1gyU5KgVEjCl4+CpsGh0kRAYyVlrnNhXPcoIbq+eq/VN\nUFDDz1d+xgM/+JsvrszCEYa42kwDprN7Ro5lkWyhi9cR+zh3U4IOcu6hwlCCrngn\nuNq6Z2Hg1tbxiCPckWVNV5EXMftZPkcdXgNZEV/BWy3O/pkHTcWQcOerNVocQBKK\nNmrUs0i90ak0CwrNszjivAVavqwnljiNhVHFr+5FuqLZ24ICtuedMEnI6EmVzB/P\n4Z9F353zwLVqfpFLN8C5sJboaEKeMElIfUKRP9hkOzBO8zfmIuNrj+nc2ntsMdVV\nztHesEAoPl0tBUGnj5TpszwAc7IfZWwihQKCAQAXxcXqdVxibvZyKyhv2pjCYIW/\nKyunuA09/qLNE4n4Lsr003l6cayUO/GJjhoiRdRkaVxvxI6rcGBTmi5XdZ4ZZDaw\nZ1otHDqXqAjJSqaRUUdyism8XFHzsH8GOa9LCvtqjGHPtNIHknjK3i3UqU+8W4Zz\nBxdTkd1BVCb4hBrPFAS3gMwLD64K2Ri2h+gt6+OFu5lEAVB+dj+3++Qj7hjnwjnD\ngPqciUZph7h6J1e02ZcZU5D+A7H+aCpNiJOMdnx7jmSaPj25L1Rv4qFNb0XP0rau\n6XxBYY/74HzrYBHZkEhEQ9Fpp9I85PvbDfgSntvS+ax9yRE3blzD4nfexJLv\n-----END RSA PRIVATE KEY-----\n",
      "type": "string",
      "sensitive": true
    }
  },
  "resources": [
    {
      "mode": "managed",
      "type": "azurerm_linux_virtual_machine",
      "name": "my_terraform_vm",
      "provider": "provider[\"registry.terraform.io/hashicorp/azurerm\"]",
      "instances": [
        {
          "schema_version": 0,
          "attributes": {
            "additional_capabilities": [],
            "admin_password": null,
            "admin_ssh_key": [
              {
                "public_key": "ssh-rsa AAAAB3NzaC1yc2EAAAADAQABAAACAQDmgrPIqKtmqz/eranQxo1i1USpG3K/CBvUQYCEAjunxOhcDixnc3LofI8748Mw129XMVkFLrGxKl+IuYq8CfVEmJDFwpug9H3o9fMR086ZmOMUpsHWRMjhnI70cb48vWg0d6xiJJSbSM+gpC4xiTN0KbNwbhEYqO5Zf4vk3p/Mv3XexbYc1uIudIR61QX3NdJTflXB0RgrYUwmxsv+tKBdmTwO73Nyk49SPHO0751Ov6rVTUiVVk3dBNwsCPWPfeTgADjEDFGPQOiErH6r8RfI3m+FA0dAY36AAqHxjEWle9ivmn/l5vZJwFFxRJJtiR3S/bgmudu0umKLXstTXLKJjyovbmTYHPWmAAQC1yE3T0LoljjC6nNSYr8/907nZT3WVOFP87MBhOr3TGSHZDDx8HTlRHB+tjhPmWz9cGx0fXYKz4uX0d4XLBIW71lDGwPMWsQHqeoxNA+ol1EKBNT5K3GsSNNRRc+xycIkQRGilAbQgzO7tdgxTCj4GRG5QzHCFM9pC/s/prqt3GbO1nXLeaJUWSvWQPyGG63xzYx2dIe7qMMlP1TBkn9UXXsjevrbj6LkN45otcs4iOzsp79VpL6Fee12bEtqGXOh2x36CzNFkjaCjVDdZun9z2sYaIwUmwj6h89wuEawHkgaGJOaaeg2Zawkr2jN4uUZIvksRw==\n",
                "username": "azureuser"
              }
            ],
            "admin_username": "azureuser",
            "allow_extension_operations": true,
            "availability_set_id": "",
            "boot_diagnostics": [
              {
                "storage_account_uri": "https://diag0968d7923129eb20.blob.core.windows.net/"
              }
            ],
            "computer_name": "myvm",
            "custom_data": null,
            "dedicated_host_group_id": "",
            "dedicated_host_id": "",
            "disable_password_authentication": true,
            "encryption_at_host_enabled": false,
            "eviction_policy": "",
            "extensions_time_budget": "PT1H30M",
            "id": "/subscriptions/fa471bf2-a31c-4a0b-b107-c4cd96c6fa17/resourceGroups/rg-expert-starling/providers/Microsoft.Compute/virtualMachines/myVM",
            "identity": [],
            "license_type": "",
            "location": "eastus",
            "max_bid_price": -1,
            "name": "myVM",
            "network_interface_ids": [
              "/subscriptions/fa471bf2-a31c-4a0b-b107-c4cd96c6fa17/resourceGroups/rg-expert-starling/providers/Microsoft.Network/networkInterfaces/myNIC"
            ],
            "os_disk": [
              {
                "caching": "ReadWrite",
                "diff_disk_settings": [],
                "disk_encryption_set_id": "",
                "disk_size_gb": 30,
                "name": "myOsDisk",
                "storage_account_type": "Premium_LRS",
                "write_accelerator_enabled": false
              }
            ],
            "patch_mode": "ImageDefault",
            "plan": [],
            "platform_fault_domain": -1,
            "priority": "Regular",
            "private_ip_address": "10.0.1.4",
            "private_ip_addresses": [
              "10.0.1.4"
            ],
            "provision_vm_agent": true,
            "proximity_placement_group_id": "",
            "public_ip_address": "172.174.42.249",
            "public_ip_addresses": [
              "172.174.42.249"
            ],
            "resource_group_name": "rg-expert-starling",
            "secret": [],
            "secure_boot_enabled": false,
            "size": "Standard_DS1_v2",
            "source_image_id": "",
            "source_image_reference": [
              {
                "offer": "UbuntuServer",
                "publisher": "Canonical",
                "sku": "18.04-LTS",
                "version": "latest"
              }
            ],
            "tags": null,
            "timeouts": null,
            "user_data": "",
            "virtual_machine_id": "8d558245-d503-47d0-a4c7-a52f83d07a7a",
            "virtual_machine_scale_set_id": "",
            "vtpm_enabled": false,
            "zone": ""
          },
          "sensitive_attributes": [],
          "private": "eyJlMmJmYjczMC1lY2FhLTExZTYtOGY4OC0zNDM2M2JjN2M0YzAiOnsiY3JlYXRlIjoyNzAwMDAwMDAwMDAwLCJkZWxldGUiOjI3MDAwMDAwMDAwMDAsInJlYWQiOjMwMDAwMDAwMDAwMCwidXBkYXRlIjoyNzAwMDAwMDAwMDAwfX0=",
          "dependencies": [
            "azurerm_network_interface.my_terraform_nic",
            "azurerm_public_ip.my_terraform_public_ip",
            "azurerm_resource_group.rg",
            "azurerm_storage_account.my_storage_account",
            "azurerm_subnet.my_terraform_subnet",
            "azurerm_virtual_network.my_terraform_network",
            "random_id.random_id",
            "random_pet.rg_name",
            "tls_private_key.example_ssh"
          ]
        }
      ]
    },
    {
      "mode": "managed",
      "type": "azurerm_network_interface",
      "name": "my_terraform_nic",
      "provider": "provider[\"registry.terraform.io/hashicorp/azurerm\"]",
      "instances": [
        {
          "schema_version": 0,
          "attributes": {
            "applied_dns_servers": [],
            "dns_servers": [],
            "enable_accelerated_networking": false,
            "enable_ip_forwarding": false,
            "id": "/subscriptions/fa471bf2-a31c-4a0b-b107-c4cd96c6fa17/resourceGroups/rg-expert-starling/providers/Microsoft.Network/networkInterfaces/myNIC",
            "internal_dns_name_label": "",
            "internal_domain_name_suffix": "z0joc0amlatu3f0020dfba4b4b.bx.internal.cloudapp.net",
            "ip_configuration": [
              {
                "gateway_load_balancer_frontend_ip_configuration_id": "",
                "name": "my_nic_configuration",
                "primary": true,
                "private_ip_address": "10.0.1.4",
                "private_ip_address_allocation": "Dynamic",
                "private_ip_address_version": "IPv4",
                "public_ip_address_id": "/subscriptions/fa471bf2-a31c-4a0b-b107-c4cd96c6fa17/resourceGroups/rg-expert-starling/providers/Microsoft.Network/publicIPAddresses/myPublicIP",
                "subnet_id": "/subscriptions/fa471bf2-a31c-4a0b-b107-c4cd96c6fa17/resourceGroups/rg-expert-starling/providers/Microsoft.Network/virtualNetworks/myVnet/subnets/mySubnet"
              }
            ],
            "location": "eastus",
            "mac_address": "",
            "name": "myNIC",
            "private_ip_address": "10.0.1.4",
            "private_ip_addresses": [
              "10.0.1.4"
            ],
            "resource_group_name": "rg-expert-starling",
            "tags": null,
            "timeouts": null,
            "virtual_machine_id": ""
          },
          "sensitive_attributes": [],
          "private": "eyJlMmJmYjczMC1lY2FhLTExZTYtOGY4OC0zNDM2M2JjN2M0YzAiOnsiY3JlYXRlIjoxODAwMDAwMDAwMDAwLCJkZWxldGUiOjE4MDAwMDAwMDAwMDAsInJlYWQiOjMwMDAwMDAwMDAwMCwidXBkYXRlIjoxODAwMDAwMDAwMDAwfX0=",
          "dependencies": [
            "azurerm_public_ip.my_terraform_public_ip",
            "azurerm_resource_group.rg",
            "azurerm_subnet.my_terraform_subnet",
            "azurerm_virtual_network.my_terraform_network",
            "random_pet.rg_name"
          ]
        }
      ]
    },
    {
      "mode": "managed",
      "type": "azurerm_network_interface_security_group_association",
      "name": "example",
      "provider": "provider[\"registry.terraform.io/hashicorp/azurerm\"]",
      "instances": [
        {
          "schema_version": 0,
          "attributes": {
            "id": "/subscriptions/fa471bf2-a31c-4a0b-b107-c4cd96c6fa17/resourceGroups/rg-expert-starling/providers/Microsoft.Network/networkInterfaces/myNIC|/subscriptions/fa471bf2-a31c-4a0b-b107-c4cd96c6fa17/resourceGroups/rg-expert-starling/providers/Microsoft.Network/networkSecurityGroups/myNetworkSecurityGroup",
            "network_interface_id": "/subscriptions/fa471bf2-a31c-4a0b-b107-c4cd96c6fa17/resourceGroups/rg-expert-starling/providers/Microsoft.Network/networkInterfaces/myNIC",
            "network_security_group_id": "/subscriptions/fa471bf2-a31c-4a0b-b107-c4cd96c6fa17/resourceGroups/rg-expert-starling/providers/Microsoft.Network/networkSecurityGroups/myNetworkSecurityGroup",
            "timeouts": null
          },
          "sensitive_attributes": [],
          "private": "eyJlMmJmYjczMC1lY2FhLTExZTYtOGY4OC0zNDM2M2JjN2M0YzAiOnsiY3JlYXRlIjoxODAwMDAwMDAwMDAwLCJkZWxldGUiOjE4MDAwMDAwMDAwMDAsInJlYWQiOjMwMDAwMDAwMDAwMCwidXBkYXRlIjoxODAwMDAwMDAwMDAwfX0=",
          "dependencies": [
            "azurerm_network_interface.my_terraform_nic",
            "azurerm_network_security_group.my_terraform_nsg",
            "azurerm_public_ip.my_terraform_public_ip",
            "azurerm_resource_group.rg",
            "azurerm_subnet.my_terraform_subnet",
            "azurerm_virtual_network.my_terraform_network",
            "random_pet.rg_name"
          ]
        }
      ]
    },
    {
      "mode": "managed",
      "type": "azurerm_network_security_group",
      "name": "my_terraform_nsg",
      "provider": "provider[\"registry.terraform.io/hashicorp/azurerm\"]",
      "instances": [
        {
          "schema_version": 0,
          "attributes": {
            "id": "/subscriptions/fa471bf2-a31c-4a0b-b107-c4cd96c6fa17/resourceGroups/rg-expert-starling/providers/Microsoft.Network/networkSecurityGroups/myNetworkSecurityGroup",
            "location": "eastus",
            "name": "myNetworkSecurityGroup",
            "resource_group_name": "rg-expert-starling",
            "security_rule": [
              {
                "access": "Allow",
                "description": "",
                "destination_address_prefix": "*",
                "destination_address_prefixes": [],
                "destination_application_security_group_ids": [],
                "destination_port_range": "22",
                "destination_port_ranges": [],
                "direction": "Inbound",
                "name": "SSH",
                "priority": 1001,
                "protocol": "Tcp",
                "source_address_prefix": "*",
                "source_address_prefixes": [],
                "source_application_security_group_ids": [],
                "source_port_range": "*",
                "source_port_ranges": []
              }
            ],
            "tags": null,
            "timeouts": null
          },
          "sensitive_attributes": [],
          "private": "eyJlMmJmYjczMC1lY2FhLTExZTYtOGY4OC0zNDM2M2JjN2M0YzAiOnsiY3JlYXRlIjoxODAwMDAwMDAwMDAwLCJkZWxldGUiOjE4MDAwMDAwMDAwMDAsInJlYWQiOjMwMDAwMDAwMDAwMCwidXBkYXRlIjoxODAwMDAwMDAwMDAwfX0=",
          "dependencies": [
            "azurerm_resource_group.rg",
            "random_pet.rg_name"
          ]
        }
      ]
    },
    {
      "mode": "managed",
      "type": "azurerm_public_ip",
      "name": "my_terraform_public_ip",
      "provider": "provider[\"registry.terraform.io/hashicorp/azurerm\"]",
      "instances": [
        {
          "schema_version": 0,
          "attributes": {
            "allocation_method": "Dynamic",
            "availability_zone": "No-Zone",
            "domain_name_label": null,
            "fqdn": null,
            "id": "/subscriptions/fa471bf2-a31c-4a0b-b107-c4cd96c6fa17/resourceGroups/rg-expert-starling/providers/Microsoft.Network/publicIPAddresses/myPublicIP",
            "idle_timeout_in_minutes": 4,
            "ip_address": "",
            "ip_tags": null,
            "ip_version": "IPv4",
            "location": "eastus",
            "name": "myPublicIP",
            "public_ip_prefix_id": null,
            "resource_group_name": "rg-expert-starling",
            "reverse_fqdn": null,
            "sku": "Basic",
            "sku_tier": "Regional",
            "tags": null,
            "timeouts": null,
            "zones": []
          },
          "sensitive_attributes": [],
          "private": "eyJlMmJmYjczMC1lY2FhLTExZTYtOGY4OC0zNDM2M2JjN2M0YzAiOnsiY3JlYXRlIjoxODAwMDAwMDAwMDAwLCJkZWxldGUiOjE4MDAwMDAwMDAwMDAsInJlYWQiOjMwMDAwMDAwMDAwMCwidXBkYXRlIjoxODAwMDAwMDAwMDAwfX0=",
          "dependencies": [
            "azurerm_resource_group.rg",
            "random_pet.rg_name"
          ]
        }
      ]
    },
    {
      "mode": "managed",
      "type": "azurerm_resource_group",
      "name": "rg",
      "provider": "provider[\"registry.terraform.io/hashicorp/azurerm\"]",
      "instances": [
        {
          "schema_version": 0,
          "attributes": {
            "id": "/subscriptions/fa471bf2-a31c-4a0b-b107-c4cd96c6fa17/resourceGroups/rg-expert-starling",
            "location": "eastus",
            "name": "rg-expert-starling",
            "tags": null,
            "timeouts": null
          },
          "sensitive_attributes": [],
          "private": "eyJlMmJmYjczMC1lY2FhLTExZTYtOGY4OC0zNDM2M2JjN2M0YzAiOnsiY3JlYXRlIjo1NDAwMDAwMDAwMDAwLCJkZWxldGUiOjU0MDAwMDAwMDAwMDAsInJlYWQiOjMwMDAwMDAwMDAwMCwidXBkYXRlIjo1NDAwMDAwMDAwMDAwfX0=",
          "dependencies": [
            "random_pet.rg_name"
          ]
        }
      ]
    },
    {
      "mode": "managed",
      "type": "azurerm_storage_account",
      "name": "my_storage_account",
      "provider": "provider[\"registry.terraform.io/hashicorp/azurerm\"]",
      "instances": [
        {
          "schema_version": 2,
          "attributes": {
            "access_tier": "Hot",
            "account_kind": "StorageV2",
            "account_replication_type": "LRS",
            "account_tier": "Standard",
            "allow_blob_public_access": false,
            "azure_files_authentication": [],
            "blob_properties": [
              {
                "change_feed_enabled": false,
                "container_delete_retention_policy": [],
                "cors_rule": [],
                "default_service_version": "",
                "delete_retention_policy": [],
                "last_access_time_enabled": false,
                "versioning_enabled": false
              }
            ],
            "custom_domain": [],
            "customer_managed_key": [],
            "enable_https_traffic_only": true,
            "id": "/subscriptions/fa471bf2-a31c-4a0b-b107-c4cd96c6fa17/resourceGroups/rg-expert-starling/providers/Microsoft.Storage/storageAccounts/diag0968d7923129eb20",
            "identity": [],
            "infrastructure_encryption_enabled": false,
            "is_hns_enabled": false,
            "large_file_share_enabled": null,
            "location": "eastus",
            "min_tls_version": "TLS1_0",
            "name": "diag0968d7923129eb20",
            "network_rules": [
              {
                "bypass": [
                  "AzureServices"
                ],
                "default_action": "Allow",
                "ip_rules": [],
                "private_link_access": [],
                "virtual_network_subnet_ids": []
              }
            ],
            "nfsv3_enabled": false,
            "primary_access_key": "ciSEvTduJwMV4ehdV/fagUlULYYG1BUMhh42uIxTkuHRDyHME3mKnd2a+vf83I0uHbMCwJOMaL0T+ASta42TBw==",
            "primary_blob_connection_string": "DefaultEndpointsProtocol=https;BlobEndpoint=https://diag0968d7923129eb20.blob.core.windows.net/;AccountName=diag0968d7923129eb20;AccountKey=ciSEvTduJwMV4ehdV/fagUlULYYG1BUMhh42uIxTkuHRDyHME3mKnd2a+vf83I0uHbMCwJOMaL0T+ASta42TBw==",
            "primary_blob_endpoint": "https://diag0968d7923129eb20.blob.core.windows.net/",
            "primary_blob_host": "diag0968d7923129eb20.blob.core.windows.net",
            "primary_connection_string": "DefaultEndpointsProtocol=https;AccountName=diag0968d7923129eb20;AccountKey=ciSEvTduJwMV4ehdV/fagUlULYYG1BUMhh42uIxTkuHRDyHME3mKnd2a+vf83I0uHbMCwJOMaL0T+ASta42TBw==;EndpointSuffix=core.windows.net",
            "primary_dfs_endpoint": "https://diag0968d7923129eb20.dfs.core.windows.net/",
            "primary_dfs_host": "diag0968d7923129eb20.dfs.core.windows.net",
            "primary_file_endpoint": "https://diag0968d7923129eb20.file.core.windows.net/",
            "primary_file_host": "diag0968d7923129eb20.file.core.windows.net",
            "primary_location": "eastus",
            "primary_queue_endpoint": "https://diag0968d7923129eb20.queue.core.windows.net/",
            "primary_queue_host": "diag0968d7923129eb20.queue.core.windows.net",
            "primary_table_endpoint": "https://diag0968d7923129eb20.table.core.windows.net/",
            "primary_table_host": "diag0968d7923129eb20.table.core.windows.net",
            "primary_web_endpoint": "https://diag0968d7923129eb20.z13.web.core.windows.net/",
            "primary_web_host": "diag0968d7923129eb20.z13.web.core.windows.net",
            "queue_encryption_key_type": "Service",
            "queue_properties": [
              {
                "cors_rule": [],
                "hour_metrics": [
                  {
                    "enabled": true,
                    "include_apis": true,
                    "retention_policy_days": 7,
                    "version": "1.0"
                  }
                ],
                "logging": [
                  {
                    "delete": false,
                    "read": false,
                    "retention_policy_days": 0,
                    "version": "1.0",
                    "write": false
                  }
                ],
                "minute_metrics": [
                  {
                    "enabled": false,
                    "include_apis": false,
                    "retention_policy_days": 0,
                    "version": "1.0"
                  }
                ]
              }
            ],
            "resource_group_name": "rg-expert-starling",
            "routing": [],
            "secondary_access_key": "8sgUuFKXgE8LsJdB0dNgWzykBkFkeIBFCtKOP6KETFIxAgiNUAhgk1FwQd80ld7HAEaIZ0/qJ5uR+AStu2y/Jw==",
            "secondary_blob_connection_string": "",
            "secondary_blob_endpoint": null,
            "secondary_blob_host": null,
            "secondary_connection_string": "DefaultEndpointsProtocol=https;AccountName=diag0968d7923129eb20;AccountKey=8sgUuFKXgE8LsJdB0dNgWzykBkFkeIBFCtKOP6KETFIxAgiNUAhgk1FwQd80ld7HAEaIZ0/qJ5uR+AStu2y/Jw==;EndpointSuffix=core.windows.net",
            "secondary_dfs_endpoint": null,
            "secondary_dfs_host": null,
            "secondary_file_endpoint": null,
            "secondary_file_host": null,
            "secondary_location": "",
            "secondary_queue_endpoint": null,
            "secondary_queue_host": null,
            "secondary_table_endpoint": null,
            "secondary_table_host": null,
            "secondary_web_endpoint": null,
            "secondary_web_host": null,
            "share_properties": [
              {
                "cors_rule": [],
                "retention_policy": [
                  {
                    "days": 7
                  }
                ],
                "smb": []
              }
            ],
            "shared_access_key_enabled": true,
            "static_website": [],
            "table_encryption_key_type": "Service",
            "tags": null,
            "timeouts": null
          },
          "sensitive_attributes": [],
          "private": "eyJlMmJmYjczMC1lY2FhLTExZTYtOGY4OC0zNDM2M2JjN2M0YzAiOnsiY3JlYXRlIjozNjAwMDAwMDAwMDAwLCJkZWxldGUiOjM2MDAwMDAwMDAwMDAsInJlYWQiOjMwMDAwMDAwMDAwMCwidXBkYXRlIjozNjAwMDAwMDAwMDAwfSwic2NoZW1hX3ZlcnNpb24iOiIyIn0=",
          "dependencies": [
            "azurerm_resource_group.rg",
            "random_id.random_id",
            "random_pet.rg_name"
          ]
        }
      ]
    },
    {
      "mode": "managed",
      "type": "azurerm_subnet",
      "name": "my_terraform_subnet",
      "provider": "provider[\"registry.terraform.io/hashicorp/azurerm\"]",
      "instances": [
        {
          "schema_version": 0,
          "attributes": {
            "address_prefix": "10.0.1.0/24",
            "address_prefixes": [
              "10.0.1.0/24"
            ],
            "delegation": [],
            "enforce_private_link_endpoint_network_policies": false,
            "enforce_private_link_service_network_policies": false,
            "id": "/subscriptions/fa471bf2-a31c-4a0b-b107-c4cd96c6fa17/resourceGroups/rg-expert-starling/providers/Microsoft.Network/virtualNetworks/myVnet/subnets/mySubnet",
            "name": "mySubnet",
            "resource_group_name": "rg-expert-starling",
            "service_endpoint_policy_ids": null,
            "service_endpoints": null,
            "timeouts": null,
            "virtual_network_name": "myVnet"
          },
          "sensitive_attributes": [],
          "private": "eyJlMmJmYjczMC1lY2FhLTExZTYtOGY4OC0zNDM2M2JjN2M0YzAiOnsiY3JlYXRlIjoxODAwMDAwMDAwMDAwLCJkZWxldGUiOjE4MDAwMDAwMDAwMDAsInJlYWQiOjMwMDAwMDAwMDAwMCwidXBkYXRlIjoxODAwMDAwMDAwMDAwfX0=",
          "dependencies": [
            "azurerm_resource_group.rg",
            "azurerm_virtual_network.my_terraform_network",
            "random_pet.rg_name"
          ]
        }
      ]
    },
    {
      "mode": "managed",
      "type": "azurerm_virtual_network",
      "name": "my_terraform_network",
      "provider": "provider[\"registry.terraform.io/hashicorp/azurerm\"]",
      "instances": [
        {
          "schema_version": 0,
          "attributes": {
            "address_space": [
              "10.0.0.0/16"
            ],
            "bgp_community": "",
            "ddos_protection_plan": [],
            "dns_servers": [],
            "flow_timeout_in_minutes": 0,
            "guid": "68e192ce-580c-4e27-975a-e6865083c1f1",
            "id": "/subscriptions/fa471bf2-a31c-4a0b-b107-c4cd96c6fa17/resourceGroups/rg-expert-starling/providers/Microsoft.Network/virtualNetworks/myVnet",
            "location": "eastus",
            "name": "myVnet",
            "resource_group_name": "rg-expert-starling",
            "subnet": [],
            "tags": null,
            "timeouts": null,
            "vm_protection_enabled": false
          },
          "sensitive_attributes": [],
          "private": "eyJlMmJmYjczMC1lY2FhLTExZTYtOGY4OC0zNDM2M2JjN2M0YzAiOnsiY3JlYXRlIjoxODAwMDAwMDAwMDAwLCJkZWxldGUiOjE4MDAwMDAwMDAwMDAsInJlYWQiOjMwMDAwMDAwMDAwMCwidXBkYXRlIjoxODAwMDAwMDAwMDAwfX0=",
          "dependencies": [
            "azurerm_resource_group.rg",
            "random_pet.rg_name"
          ]
        }
      ]
    },
    {
      "mode": "managed",
      "type": "random_id",
      "name": "random_id",
      "provider": "provider[\"registry.terraform.io/hashicorp/random\"]",
      "instances": [
        {
          "schema_version": 0,
          "attributes": {
            "b64_std": "CWjXkjEp6yA=",
            "b64_url": "CWjXkjEp6yA",
            "byte_length": 8,
            "dec": "678028766809287456",
            "hex": "0968d7923129eb20",
            "id": "CWjXkjEp6yA",
            "keepers": {
              "resource_group": "rg-expert-starling"
            },
            "prefix": null
          },
          "sensitive_attributes": [],
          "dependencies": [
            "azurerm_resource_group.rg",
            "random_pet.rg_name"
          ]
        }
      ]
    },
    {
      "mode": "managed",
      "type": "random_pet",
      "name": "rg_name",
      "provider": "provider[\"registry.terraform.io/hashicorp/random\"]",
      "instances": [
        {
          "schema_version": 0,
          "attributes": {
            "id": "rg-expert-starling",
            "keepers": null,
            "length": 2,
            "prefix": "rg",
            "separator": "-"
          },
          "sensitive_attributes": []
        }
      ]
    },
    {
      "mode": "managed",
      "type": "tls_private_key",
      "name": "example_ssh",
      "provider": "provider[\"registry.terraform.io/hashicorp/tls\"]",
      "instances": [
        {
          "schema_version": 1,
          "attributes": {
            "algorithm": "RSA",
            "ecdsa_curve": "P224",
            "id": "f85c497194fb79274cefbda07335d37d3a6e1d54",
            "private_key_openssh": "-----BEGIN OPENSSH PRIVATE KEY-----\nb3BlbnNzaC1rZXktdjEAAAAABG5vbmUAAAAEbm9uZQAAAAAAAAABAAACFwAAAAdz\nc2gtcnNhAAAAAwEAAQAAAgEA5oKzyKirZqs/3q2p0MaNYtVEqRtyvwgb1EGAhAI7\np8ToXA4sZ3Ny6HyPO+PDMNdvVzFZBS6xsSpfiLmKvAn1RJiQxcKboPR96PXzEdPO\nmZjjFKbB1kTI4ZyO9HG+PL1oNHesYiSUm0jPoKQuMYkzdCmzcG4RGKjuWX+L5N6f\nzL913sW2HNbiLnSEetUF9zXSU35VwdEYK2FMJsbL/rSgXZk8Du9zcpOPUjxztO+d\nTr+q1U1IlVZN3QTcLAj1j33k4AA4xAxRj0DohKx+q/EXyN5vhQNHQGN+gAKh8YxF\npXvYr5p/5eb2ScBRcUSSbYkd0v24JrnbtLpii17LU1yyiY8qL25k2Bz1pgAEAtch\nN09C6JY4wupzUmK/P/dO52U91lThT/OzAYTq90xkh2Qw8fB05URwfrY4T5ls/XBs\ndH12Cs+Ll9HeFywSFu9ZQxsDzFrEB6nqMTQPqJdRCgTU+StxrEjTUUXPscnCJEER\nopQG0IMzu7XYMUwo+BkRuUMxwhTPaQv7P6a6rdxmztZ1y3miVFkr1kD8hhut8c2M\ndnSHu6jDJT9UwZJ/VF17I3r624+i5DeOaLXLOIjs7Ke/VaS+hXntdmxLahlzodsd\n+gszRZI2go1Q3Wbp/c9rGGiMFJsI+ofPcLhGsB5IGhiTmmnoNmWsJK9ozeLlGSL5\nLEcAAAc4EMoCJRDKAiUAAAAHc3NoLXJzYQAAAgEA5oKzyKirZqs/3q2p0MaNYtVE\nqRtyvwgb1EGAhAI7p8ToXA4sZ3Ny6HyPO+PDMNdvVzFZBS6xsSpfiLmKvAn1RJiQ\nxcKboPR96PXzEdPOmZjjFKbB1kTI4ZyO9HG+PL1oNHesYiSUm0jPoKQuMYkzdCmz\ncG4RGKjuWX+L5N6fzL913sW2HNbiLnSEetUF9zXSU35VwdEYK2FMJsbL/rSgXZk8\nDu9zcpOPUjxztO+dTr+q1U1IlVZN3QTcLAj1j33k4AA4xAxRj0DohKx+q/EXyN5v\nhQNHQGN+gAKh8YxFpXvYr5p/5eb2ScBRcUSSbYkd0v24JrnbtLpii17LU1yyiY8q\nL25k2Bz1pgAEAtchN09C6JY4wupzUmK/P/dO52U91lThT/OzAYTq90xkh2Qw8fB0\n5URwfrY4T5ls/XBsdH12Cs+Ll9HeFywSFu9ZQxsDzFrEB6nqMTQPqJdRCgTU+Stx\nrEjTUUXPscnCJEERopQG0IMzu7XYMUwo+BkRuUMxwhTPaQv7P6a6rdxmztZ1y3mi\nVFkr1kD8hhut8c2MdnSHu6jDJT9UwZJ/VF17I3r624+i5DeOaLXLOIjs7Ke/VaS+\nhXntdmxLahlzodsd+gszRZI2go1Q3Wbp/c9rGGiMFJsI+ofPcLhGsB5IGhiTmmno\nNmWsJK9ozeLlGSL5LEcAAAADAQABAAACAQDAwZ07d6hU43E2cXxmpBJJClQvIU/T\n5SD4XonsWb2u7l7r08JYA9ecB8Ty7OQlbJGjlRV+2uwmXWuj9pvH4H/kC7xMUw83\nChxb+Yd4aekC0jFZ7JR86+obl4KHcLIHMs/3x/cz3qkSLVHKYGBsdfG7+r8djjzn\npSQjXSALlAqG+bfEQQqnlR1wgWjjGk2xyqUFwshNmd8fL26xol2lsT/E5UWuq5eb\nwT8BIqITNKgT2P0u/0Bp+NCFuPGwNRG7GyiQFD9j2XU+WKXXhDMs7x/XjgItdW9Y\nrZpzyz/GsGjxF948AfNfucJMK/EuyYu04ws4i4g5ggPyXkXXi751CDgWbxW3kM7/\nsMuNf23+JU8uODj/vtnAywLfDVCY/E+R2ogvLViVdBdC5Gn4oP1PH5oXH+h7Y0B7\nY2Y6GF3Kwzn0sbNnrZm038tGklzowBLCrbtzFm2Rbd6zOdwt2Ledx7dhhLXqP+3D\nHa/QaGOymPp62klGycLwK3zdV4VgdNn70o/jOHWDbxF/JCBOtV0XQ6rHfmV9NTge\npBJrW0yt07ywblEvPWmNIS5vLa/uDnwiqkz0W68/3AL5iS+H8YMM4FBbMRrAksV5\ntRO8asKpATYCW1zdI1pON8jQQYj1hzEKXM4vyiC0UxZcpe81tHPbx1WynKlW9jyG\n64Ti02wIoGDeGQAAAQAXxcXqdVxibvZyKyhv2pjCYIW/KyunuA09/qLNE4n4Lsr0\n03l6cayUO/GJjhoiRdRkaVxvxI6rcGBTmi5XdZ4ZZDawZ1otHDqXqAjJSqaRUUdy\nism8XFHzsH8GOa9LCvtqjGHPtNIHknjK3i3UqU+8W4ZzBxdTkd1BVCb4hBrPFAS3\ngMwLD64K2Ri2h+gt6+OFu5lEAVB+dj+3++Qj7hjnwjnDgPqciUZph7h6J1e02ZcZ\nU5D+A7H+aCpNiJOMdnx7jmSaPj25L1Rv4qFNb0XP0rau6XxBYY/74HzrYBHZkEhE\nQ9Fpp9I85PvbDfgSntvS+ax9yRE3blzD4nfexJLvAAABAQD+eyd8ZA7v9htfh+ws\nK4pkqum6P08z4umXUKqpz+Y1jBBrxDL6Nru3b1rZYu+fj3v9bBH/LBjMy0IavzpH\n5hGm1VZ1FMpeztgO8mcVN262JfKooExsO5DI0SV9h6U/ezdTKxP6sfzDbSN8CAc1\nj83pqh4wAt1UZ4xtH24Nrpox/OyrQl1SM2XHNPO3WBXqcwq8TO+VuwY6NfZkF/20\nFxaEH0xd8sB02NiW/y8hblzPhfuYGeFseaglUupvV/12fZ1tmP+u5A2c0PhmcjfT\nTPmpp5eyk5pdx0dg1yFtwXEGuYWvWNhxRK0N4kP7gTq3HeAT4vVmU8SmlCbir/HU\nTbDLAAABAQDn4uvUxIAsjHL/6XWKP/cInXFBQANoSzMM/YSp/7KSqiMMeMO7N/lY\nP5qMV/DdIDn5jrKxv7UdJyBFRiJV4mWH2KCUb/+6jrNcNQZYdIH8V20GGkvNCJ99\ny+6Fm2EVbff+bI8AMJwSOSiYTuEytBb8FLBBYqCf1YfICYZ74PspRi8MPlI+yUi/\nZowQa7XlZC+F1FxbQ9aUUdj3/3HCcIVA02ZTRSBbpWAV3WBBFHk+98jKLJxKTKVq\nBANWAAa3Gz1rXfZmsVzqMPZvmUAe1Ow2oStdzjPO/vrODgHSMh9jUJKSdt2o1Eg4\nlixWTZYiWUQatHJ92benRtEWa5Ldv671AAAAAAEC\n-----END OPENSSH PRIVATE KEY-----\n",
            "private_key_pem": "-----BEGIN RSA PRIVATE KEY-----\nMIIJKQIBAAKCAgEA5oKzyKirZqs/3q2p0MaNYtVEqRtyvwgb1EGAhAI7p8ToXA4s\nZ3Ny6HyPO+PDMNdvVzFZBS6xsSpfiLmKvAn1RJiQxcKboPR96PXzEdPOmZjjFKbB\n1kTI4ZyO9HG+PL1oNHesYiSUm0jPoKQuMYkzdCmzcG4RGKjuWX+L5N6fzL913sW2\nHNbiLnSEetUF9zXSU35VwdEYK2FMJsbL/rSgXZk8Du9zcpOPUjxztO+dTr+q1U1I\nlVZN3QTcLAj1j33k4AA4xAxRj0DohKx+q/EXyN5vhQNHQGN+gAKh8YxFpXvYr5p/\n5eb2ScBRcUSSbYkd0v24JrnbtLpii17LU1yyiY8qL25k2Bz1pgAEAtchN09C6JY4\nwupzUmK/P/dO52U91lThT/OzAYTq90xkh2Qw8fB05URwfrY4T5ls/XBsdH12Cs+L\nl9HeFywSFu9ZQxsDzFrEB6nqMTQPqJdRCgTU+StxrEjTUUXPscnCJEERopQG0IMz\nu7XYMUwo+BkRuUMxwhTPaQv7P6a6rdxmztZ1y3miVFkr1kD8hhut8c2MdnSHu6jD\nJT9UwZJ/VF17I3r624+i5DeOaLXLOIjs7Ke/VaS+hXntdmxLahlzodsd+gszRZI2\ngo1Q3Wbp/c9rGGiMFJsI+ofPcLhGsB5IGhiTmmnoNmWsJK9ozeLlGSL5LEcCAwEA\nAQKCAgEAwMGdO3eoVONxNnF8ZqQSSQpULyFP0+Ug+F6J7Fm9ru5e69PCWAPXnAfE\n8uzkJWyRo5UVftrsJl1ro/abx+B/5Au8TFMPNwocW/mHeGnpAtIxWeyUfOvqG5eC\nh3CyBzLP98f3M96pEi1RymBgbHXxu/q/HY4856UkI10gC5QKhvm3xEEKp5UdcIFo\n4xpNscqlBcLITZnfHy9usaJdpbE/xOVFrquXm8E/ASKiEzSoE9j9Lv9AafjQhbjx\nsDURuxsokBQ/Y9l1Plil14QzLO8f144CLXVvWK2ac8s/xrBo8RfePAHzX7nCTCvx\nLsmLtOMLOIuIOYID8l5F14u+dQg4Fm8Vt5DO/7DLjX9t/iVPLjg4/77ZwMsC3w1Q\nmPxPkdqILy1YlXQXQuRp+KD9Tx+aFx/oe2NAe2NmOhhdysM59LGzZ62ZtN/LRpJc\n6MASwq27cxZtkW3eszncLdi3nce3YYS16j/twx2v0Ghjspj6etpJRsnC8Ct83VeF\nYHTZ+9KP4zh1g28RfyQgTrVdF0Oqx35lfTU4HqQSa1tMrdO8sG5RLz1pjSEuby2v\n7g58IqpM9FuvP9wC+Ykvh/GDDOBQWzEawJLFebUTvGrCqQE2Altc3SNaTjfI0EGI\n9YcxClzOL8ogtFMWXKXvNbRz28dVspypVvY8huuE4tNsCKBg3hkCggEBAP57J3xk\nDu/2G1+H7CwrimSq6bo/TzPi6ZdQqqnP5jWMEGvEMvo2u7dvWtli75+Pe/1sEf8s\nGMzLQhq/OkfmEabVVnUUyl7O2A7yZxU3brYl8qigTGw7kMjRJX2HpT97N1MrE/qx\n/MNtI3wIBzWPzemqHjAC3VRnjG0fbg2umjH87KtCXVIzZcc087dYFepzCrxM75W7\nBjo19mQX/bQXFoQfTF3ywHTY2Jb/LyFuXM+F+5gZ4Wx5qCVS6m9X/XZ9nW2Y/67k\nDZzQ+GZyN9NM+amnl7KTml3HR2DXIW3BcQa5ha9Y2HFErQ3iQ/uBOrcd4BPi9WZT\nxKaUJuKv8dRNsMsCggEBAOfi69TEgCyMcv/pdYo/9widcUFAA2hLMwz9hKn/spKq\nIwx4w7s3+Vg/moxX8N0gOfmOsrG/tR0nIEVGIlXiZYfYoJRv/7qOs1w1Blh0gfxX\nbQYaS80In33L7oWbYRVt9/5sjwAwnBI5KJhO4TK0FvwUsEFioJ/Vh8gJhnvg+ylG\nLww+Uj7JSL9mjBBrteVkL4XUXFtD1pRR2Pf/ccJwhUDTZlNFIFulYBXdYEEUeT73\nyMosnEpMpWoEA1YABrcbPWtd9maxXOow9m+ZQB7U7DahK13OM87++s4OAdIyH2NQ\nkpJ23ajUSDiWLFZNliJZRBq0cn3Zt6dG0RZrkt2/rvUCggEAbgdxmyboDniqfTOX\nucFZpQ0A4bZd2GFT/kiygZmSP7S/pNi/8c+Yekd7UGKmmKbBRWFkpp+6WVHI0ye7\nWzruhuPW7eh/V163rD7Cszm0dK0TrjUg1esrPqivPQdZO4la8mq9yLcMQrL9lLMj\n6tSyg0U6qCeU6tmardPZEbFcmiBxc9rN3qy6ZNdQSQWc9DGpgqEBNgwXNTP/xGdb\nGnKhGZ8utbAv5lWb0C2lgx7kohWcIreN8Ajp2rlvA5VX0dOeLbTpWATindr8i872\ntDWj/OapgFyxcbqn8gcSPRJWfEHau2X+r3qyGD6shiHp8SLJr8+Bqyys6hlEdt78\nAH9W4QKCAQEAuWwN8jwS1gyU5KgVEjCl4+CpsGh0kRAYyVlrnNhXPcoIbq+eq/VN\nUFDDz1d+xgM/+JsvrszCEYa42kwDprN7Ro5lkWyhi9cR+zh3U4IOcu6hwlCCrngn\nuNq6Z2Hg1tbxiCPckWVNV5EXMftZPkcdXgNZEV/BWy3O/pkHTcWQcOerNVocQBKK\nNmrUs0i90ak0CwrNszjivAVavqwnljiNhVHFr+5FuqLZ24ICtuedMEnI6EmVzB/P\n4Z9F353zwLVqfpFLN8C5sJboaEKeMElIfUKRP9hkOzBO8zfmIuNrj+nc2ntsMdVV\nztHesEAoPl0tBUGnj5TpszwAc7IfZWwihQKCAQAXxcXqdVxibvZyKyhv2pjCYIW/\nKyunuA09/qLNE4n4Lsr003l6cayUO/GJjhoiRdRkaVxvxI6rcGBTmi5XdZ4ZZDaw\nZ1otHDqXqAjJSqaRUUdyism8XFHzsH8GOa9LCvtqjGHPtNIHknjK3i3UqU+8W4Zz\nBxdTkd1BVCb4hBrPFAS3gMwLD64K2Ri2h+gt6+OFu5lEAVB+dj+3++Qj7hjnwjnD\ngPqciUZph7h6J1e02ZcZU5D+A7H+aCpNiJOMdnx7jmSaPj25L1Rv4qFNb0XP0rau\n6XxBYY/74HzrYBHZkEhEQ9Fpp9I85PvbDfgSntvS+ax9yRE3blzD4nfexJLv\n-----END RSA PRIVATE KEY-----\n",
            "private_key_pem_pkcs8": "-----BEGIN PRIVATE KEY-----\nMIIJQwIBADANBgkqhkiG9w0BAQEFAASCCS0wggkpAgEAAoICAQDmgrPIqKtmqz/e\nranQxo1i1USpG3K/CBvUQYCEAjunxOhcDixnc3LofI8748Mw129XMVkFLrGxKl+I\nuYq8CfVEmJDFwpug9H3o9fMR086ZmOMUpsHWRMjhnI70cb48vWg0d6xiJJSbSM+g\npC4xiTN0KbNwbhEYqO5Zf4vk3p/Mv3XexbYc1uIudIR61QX3NdJTflXB0RgrYUwm\nxsv+tKBdmTwO73Nyk49SPHO0751Ov6rVTUiVVk3dBNwsCPWPfeTgADjEDFGPQOiE\nrH6r8RfI3m+FA0dAY36AAqHxjEWle9ivmn/l5vZJwFFxRJJtiR3S/bgmudu0umKL\nXstTXLKJjyovbmTYHPWmAAQC1yE3T0LoljjC6nNSYr8/907nZT3WVOFP87MBhOr3\nTGSHZDDx8HTlRHB+tjhPmWz9cGx0fXYKz4uX0d4XLBIW71lDGwPMWsQHqeoxNA+o\nl1EKBNT5K3GsSNNRRc+xycIkQRGilAbQgzO7tdgxTCj4GRG5QzHCFM9pC/s/prqt\n3GbO1nXLeaJUWSvWQPyGG63xzYx2dIe7qMMlP1TBkn9UXXsjevrbj6LkN45otcs4\niOzsp79VpL6Fee12bEtqGXOh2x36CzNFkjaCjVDdZun9z2sYaIwUmwj6h89wuEaw\nHkgaGJOaaeg2Zawkr2jN4uUZIvksRwIDAQABAoICAQDAwZ07d6hU43E2cXxmpBJJ\nClQvIU/T5SD4XonsWb2u7l7r08JYA9ecB8Ty7OQlbJGjlRV+2uwmXWuj9pvH4H/k\nC7xMUw83Chxb+Yd4aekC0jFZ7JR86+obl4KHcLIHMs/3x/cz3qkSLVHKYGBsdfG7\n+r8djjznpSQjXSALlAqG+bfEQQqnlR1wgWjjGk2xyqUFwshNmd8fL26xol2lsT/E\n5UWuq5ebwT8BIqITNKgT2P0u/0Bp+NCFuPGwNRG7GyiQFD9j2XU+WKXXhDMs7x/X\njgItdW9YrZpzyz/GsGjxF948AfNfucJMK/EuyYu04ws4i4g5ggPyXkXXi751CDgW\nbxW3kM7/sMuNf23+JU8uODj/vtnAywLfDVCY/E+R2ogvLViVdBdC5Gn4oP1PH5oX\nH+h7Y0B7Y2Y6GF3Kwzn0sbNnrZm038tGklzowBLCrbtzFm2Rbd6zOdwt2Ledx7dh\nhLXqP+3DHa/QaGOymPp62klGycLwK3zdV4VgdNn70o/jOHWDbxF/JCBOtV0XQ6rH\nfmV9NTgepBJrW0yt07ywblEvPWmNIS5vLa/uDnwiqkz0W68/3AL5iS+H8YMM4FBb\nMRrAksV5tRO8asKpATYCW1zdI1pON8jQQYj1hzEKXM4vyiC0UxZcpe81tHPbx1Wy\nnKlW9jyG64Ti02wIoGDeGQKCAQEA/nsnfGQO7/YbX4fsLCuKZKrpuj9PM+Lpl1Cq\nqc/mNYwQa8Qy+ja7t29a2WLvn497/WwR/ywYzMtCGr86R+YRptVWdRTKXs7YDvJn\nFTdutiXyqKBMbDuQyNElfYelP3s3UysT+rH8w20jfAgHNY/N6aoeMALdVGeMbR9u\nDa6aMfzsq0JdUjNlxzTzt1gV6nMKvEzvlbsGOjX2ZBf9tBcWhB9MXfLAdNjYlv8v\nIW5cz4X7mBnhbHmoJVLqb1f9dn2dbZj/ruQNnND4ZnI300z5qaeXspOaXcdHYNch\nbcFxBrmFr1jYcUStDeJD+4E6tx3gE+L1ZlPEppQm4q/x1E2wywKCAQEA5+Lr1MSA\nLIxy/+l1ij/3CJ1xQUADaEszDP2Eqf+ykqojDHjDuzf5WD+ajFfw3SA5+Y6ysb+1\nHScgRUYiVeJlh9iglG//uo6zXDUGWHSB/FdtBhpLzQiffcvuhZthFW33/myPADCc\nEjkomE7hMrQW/BSwQWKgn9WHyAmGe+D7KUYvDD5SPslIv2aMEGu15WQvhdRcW0PW\nlFHY9/9xwnCFQNNmU0UgW6VgFd1gQRR5PvfIyiycSkylagQDVgAGtxs9a132ZrFc\n6jD2b5lAHtTsNqErXc4zzv76zg4B0jIfY1CSknbdqNRIOJYsVk2WIllEGrRyfdm3\np0bRFmuS3b+u9QKCAQBuB3GbJugOeKp9M5e5wVmlDQDhtl3YYVP+SLKBmZI/tL+k\n2L/xz5h6R3tQYqaYpsFFYWSmn7pZUcjTJ7tbOu6G49bt6H9XXresPsKzObR0rROu\nNSDV6ys+qK89B1k7iVryar3ItwxCsv2UsyPq1LKDRTqoJ5Tq2Zqt09kRsVyaIHFz\n2s3erLpk11BJBZz0MamCoQE2DBc1M//EZ1sacqEZny61sC/mVZvQLaWDHuSiFZwi\nt43wCOnauW8DlVfR054ttOlYBOKd2vyLzva0NaP85qmAXLFxuqfyBxI9ElZ8Qdq7\nZf6verIYPqyGIenxIsmvz4GrLKzqGUR23vwAf1bhAoIBAQC5bA3yPBLWDJTkqBUS\nMKXj4KmwaHSREBjJWWuc2Fc9yghur56r9U1QUMPPV37GAz/4my+uzMIRhrjaTAOm\ns3tGjmWRbKGL1xH7OHdTgg5y7qHCUIKueCe42rpnYeDW1vGII9yRZU1XkRcx+1k+\nRx1eA1kRX8FbLc7+mQdNxZBw56s1WhxAEoo2atSzSL3RqTQLCs2zOOK8BVq+rCeW\nOI2FUcWv7kW6otnbggK2550wScjoSZXMH8/hn0XfnfPAtWp+kUs3wLmwluhoQp4w\nSUh9QpE/2GQ7ME7zN+Yi42uP6dzae2wx1VXO0d6wQCg+XS0FQaePlOmzPABzsh9l\nbCKFAoIBABfFxep1XGJu9nIrKG/amMJghb8rK6e4DT3+os0TifguyvTTeXpxrJQ7\n8YmOGiJF1GRpXG/EjqtwYFOaLld1nhlkNrBnWi0cOpeoCMlKppFRR3KKybxcUfOw\nfwY5r0sK+2qMYc+00geSeMreLdSpT7xbhnMHF1OR3UFUJviEGs8UBLeAzAsPrgrZ\nGLaH6C3r44W7mUQBUH52P7f75CPuGOfCOcOA+pyJRmmHuHonV7TZlxlTkP4Dsf5o\nKk2Ik4x2fHuOZJo+PbkvVG/ioU1vRc/Stq7pfEFhj/vgfOtgEdmQSERD0Wmn0jzk\n+9sN+BKe29L5rH3JETduXMPid97Eku8=\n-----END PRIVATE KEY-----\n",
            "public_key_fingerprint_md5": "03:1e:ba:d6:96:4c:87:ff:7b:c3:37:c7:43:54:d3:b3",
            "public_key_fingerprint_sha256": "SHA256:l9Fh9UgN5M9w3WYrPyqk9KZVC4EQXy3Hx2WPAJtdoIQ",
            "public_key_openssh": "ssh-rsa AAAAB3NzaC1yc2EAAAADAQABAAACAQDmgrPIqKtmqz/eranQxo1i1USpG3K/CBvUQYCEAjunxOhcDixnc3LofI8748Mw129XMVkFLrGxKl+IuYq8CfVEmJDFwpug9H3o9fMR086ZmOMUpsHWRMjhnI70cb48vWg0d6xiJJSbSM+gpC4xiTN0KbNwbhEYqO5Zf4vk3p/Mv3XexbYc1uIudIR61QX3NdJTflXB0RgrYUwmxsv+tKBdmTwO73Nyk49SPHO0751Ov6rVTUiVVk3dBNwsCPWPfeTgADjEDFGPQOiErH6r8RfI3m+FA0dAY36AAqHxjEWle9ivmn/l5vZJwFFxRJJtiR3S/bgmudu0umKLXstTXLKJjyovbmTYHPWmAAQC1yE3T0LoljjC6nNSYr8/907nZT3WVOFP87MBhOr3TGSHZDDx8HTlRHB+tjhPmWz9cGx0fXYKz4uX0d4XLBIW71lDGwPMWsQHqeoxNA+ol1EKBNT5K3GsSNNRRc+xycIkQRGilAbQgzO7tdgxTCj4GRG5QzHCFM9pC/s/prqt3GbO1nXLeaJUWSvWQPyGG63xzYx2dIe7qMMlP1TBkn9UXXsjevrbj6LkN45otcs4iOzsp79VpL6Fee12bEtqGXOh2x36CzNFkjaCjVDdZun9z2sYaIwUmwj6h89wuEawHkgaGJOaaeg2Zawkr2jN4uUZIvksRw==\n",
            "public_key_pem": "-----BEGIN PUBLIC KEY-----\nMIICIjANBgkqhkiG9w0BAQEFAAOCAg8AMIICCgKCAgEA5oKzyKirZqs/3q2p0MaN\nYtVEqRtyvwgb1EGAhAI7p8ToXA4sZ3Ny6HyPO+PDMNdvVzFZBS6xsSpfiLmKvAn1\nRJiQxcKboPR96PXzEdPOmZjjFKbB1kTI4ZyO9HG+PL1oNHesYiSUm0jPoKQuMYkz\ndCmzcG4RGKjuWX+L5N6fzL913sW2HNbiLnSEetUF9zXSU35VwdEYK2FMJsbL/rSg\nXZk8Du9zcpOPUjxztO+dTr+q1U1IlVZN3QTcLAj1j33k4AA4xAxRj0DohKx+q/EX\nyN5vhQNHQGN+gAKh8YxFpXvYr5p/5eb2ScBRcUSSbYkd0v24JrnbtLpii17LU1yy\niY8qL25k2Bz1pgAEAtchN09C6JY4wupzUmK/P/dO52U91lThT/OzAYTq90xkh2Qw\n8fB05URwfrY4T5ls/XBsdH12Cs+Ll9HeFywSFu9ZQxsDzFrEB6nqMTQPqJdRCgTU\n+StxrEjTUUXPscnCJEERopQG0IMzu7XYMUwo+BkRuUMxwhTPaQv7P6a6rdxmztZ1\ny3miVFkr1kD8hhut8c2MdnSHu6jDJT9UwZJ/VF17I3r624+i5DeOaLXLOIjs7Ke/\nVaS+hXntdmxLahlzodsd+gszRZI2go1Q3Wbp/c9rGGiMFJsI+ofPcLhGsB5IGhiT\nmmnoNmWsJK9ozeLlGSL5LEcCAwEAAQ==\n-----END PUBLIC KEY-----\n",
            "rsa_bits": 4096
          },
          "sensitive_attributes": []
        }
      ]
    }
  ],
  "check_results": null
}
